
Microsoft Visual Studio Solution File, Format Version 12.00
# Visual Studio Version 16
VisualStudioVersion = 16.0.32002.261
MinimumVisualStudioVersion = 10.0.40219.1
Project("{FAE04EC0-301F-11D3-BF4B-00C04F79EFBC}") = "BreadHours.Android", "BreadHours.Android\BreadHours.Android.csproj", "{77433D91-F3B3-431B-9206-6EBEA1D1247B}"
EndProject
Project("{FAE04EC0-301F-11D3-BF4B-00C04F79EFBC}") = "BreadHours", "BreadHours\BreadHours.csproj", "{FA83DACB-586F-43B8-B188-9FD1BA3B7A81}"
EndProject
Global
	GlobalSection(SolutionConfigurationPlatforms) = preSolution
		Debug|Any CPU = Debug|Any CPU
		Release|Any CPU = Release|Any CPU
	EndGlobalSection
	GlobalSection(ProjectConfigurationPlatforms) = postSolution
		{77433D91-F3B3-431B-9206-6EBEA1D1247B}.Debug|Any CPU.ActiveCfg = Debug|Any CPU
		{77433D91-F3B3-431B-9206-6EBEA1D1247B}.Debug|Any CPU.Build.0 = Debug|Any CPU
		{77433D91-F3B3-431B-9206-6EBEA1D1247B}.Debug|Any CPU.Deploy.0 = Debug|Any CPU
		{77433D91-F3B3-431B-9206-6EBEA1D1247B}.Release|Any CPU.ActiveCfg = Release|Any CPU
		{77433D91-F3B3-431B-9206-6EBEA1D1247B}.Release|Any CPU.Build.0 = Release|Any CPU
		{77433D91-F3B3-431B-9206-6EBEA1D1247B}.Release|Any CPU.Deploy.0 = Release|Any CPU
		{FA83DACB-586F-43B8-B188-9FD1BA3B7A81}.Debug|Any CPU.ActiveCfg = Debug|Any CPU
		{FA83DACB-586F-43B8-B188-9FD1BA3B7A81}.Debug|Any CPU.Build.0 = Debug|Any CPU
		{FA83DACB-586F-43B8-B188-9FD1BA3B7A81}.Release|Any CPU.ActiveCfg = Release|Any CPU
		{FA83DACB-586F-43B8-B188-9FD1BA3B7A81}.Release|Any CPU.Build.0 = Release|Any CPU
	EndGlobalSection
	GlobalSection(SolutionProperties) = preSolution
		HideSolutionNode = FALSE
	EndGlobalSection
	GlobalSection(ExtensibilityGlobals) = postSolution
		SolutionGuid = {E240BE80-0159-4AD1-94E4-A2A53D0E0D13}
	EndGlobalSection
EndGlobal
